
Microsoft Visual Studio Solution File, Format Version 12.00
# Visual Studio Version 17
VisualStudioVersion = 17.2.32602.215
MinimumVisualStudioVersion = 10.0.40219.1
Project("{FAE04EC0-301F-11D3-BF4B-00C04F79EFBC}") = "2. Add Two Numbers", "2. Add Two Numbers\2. Add Two Numbers.csproj", "{D3BAA47E-45AD-4A8A-A1D4-C5ECD1AB226B}"
EndProject
Global
	GlobalSection(SolutionConfigurationPlatforms) = preSolution
		Debug|Any CPU = Debug|Any CPU
		Release|Any CPU = Release|Any CPU
	EndGlobalSection
	GlobalSection(ProjectConfigurationPlatforms) = postSolution
		{D3BAA47E-45AD-4A8A-A1D4-C5ECD1AB226B}.Debug|Any CPU.ActiveCfg = Debug|Any CPU
		{D3BAA47E-45AD-4A8A-A1D4-C5ECD1AB226B}.Debug|Any CPU.Build.0 = Debug|Any CPU
		{D3BAA47E-45AD-4A8A-A1D4-C5ECD1AB226B}.Release|Any CPU.ActiveCfg = Release|Any CPU
		{D3BAA47E-45AD-4A8A-A1D4-C5ECD1AB226B}.Release|Any CPU.Build.0 = Release|Any CPU
	EndGlobalSection
	GlobalSection(SolutionProperties) = preSolution
		HideSolutionNode = FALSE
	EndGlobalSection
	GlobalSection(ExtensibilityGlobals) = postSolution
		SolutionGuid = {27B9AEDA-915B-494A-8736-C71F8A3AD429}
	EndGlobalSection
EndGlobal
