
Microsoft Visual Studio Solution File, Format Version 12.00
# Visual Studio Version 17
VisualStudioVersion = 17.2.32602.215
MinimumVisualStudioVersion = 10.0.40219.1
Project("{FAE04EC0-301F-11D3-BF4B-00C04F79EFBC}") = "66. Plus One", "66. Plus One\66. Plus One.csproj", "{4AC28BD4-73BB-4A7A-999E-A998F0422B48}"
EndProject
Global
	GlobalSection(SolutionConfigurationPlatforms) = preSolution
		Debug|Any CPU = Debug|Any CPU
		Release|Any CPU = Release|Any CPU
	EndGlobalSection
	GlobalSection(ProjectConfigurationPlatforms) = postSolution
		{4AC28BD4-73BB-4A7A-999E-A998F0422B48}.Debug|Any CPU.ActiveCfg = Debug|Any CPU
		{4AC28BD4-73BB-4A7A-999E-A998F0422B48}.Debug|Any CPU.Build.0 = Debug|Any CPU
		{4AC28BD4-73BB-4A7A-999E-A998F0422B48}.Release|Any CPU.ActiveCfg = Release|Any CPU
		{4AC28BD4-73BB-4A7A-999E-A998F0422B48}.Release|Any CPU.Build.0 = Release|Any CPU
	EndGlobalSection
	GlobalSection(SolutionProperties) = preSolution
		HideSolutionNode = FALSE
	EndGlobalSection
	GlobalSection(ExtensibilityGlobals) = postSolution
		SolutionGuid = {34C64B67-5B9E-42FC-97BC-ABB14D6DDF37}
	EndGlobalSection
EndGlobal
