
Microsoft Visual Studio Solution File, Format Version 12.00
# Visual Studio Version 17
VisualStudioVersion = 17.2.32602.215
MinimumVisualStudioVersion = 10.0.40219.1
Project("{FAE04EC0-301F-11D3-BF4B-00C04F79EFBC}") = "695. Max Area of Island", "695. Max Area of Island\695. Max Area of Island.csproj", "{514F1914-3711-404E-8F38-F9E8164FBE83}"
EndProject
Global
	GlobalSection(SolutionConfigurationPlatforms) = preSolution
		Debug|Any CPU = Debug|Any CPU
		Release|Any CPU = Release|Any CPU
	EndGlobalSection
	GlobalSection(ProjectConfigurationPlatforms) = postSolution
		{514F1914-3711-404E-8F38-F9E8164FBE83}.Debug|Any CPU.ActiveCfg = Debug|Any CPU
		{514F1914-3711-404E-8F38-F9E8164FBE83}.Debug|Any CPU.Build.0 = Debug|Any CPU
		{514F1914-3711-404E-8F38-F9E8164FBE83}.Release|Any CPU.ActiveCfg = Release|Any CPU
		{514F1914-3711-404E-8F38-F9E8164FBE83}.Release|Any CPU.Build.0 = Release|Any CPU
	EndGlobalSection
	GlobalSection(SolutionProperties) = preSolution
		HideSolutionNode = FALSE
	EndGlobalSection
	GlobalSection(ExtensibilityGlobals) = postSolution
		SolutionGuid = {CB2DA29D-457F-45CE-8AFE-8BD65CFF0092}
	EndGlobalSection
EndGlobal
