
Microsoft Visual Studio Solution File, Format Version 12.00
# Visual Studio Version 17
VisualStudioVersion = 17.2.32602.215
MinimumVisualStudioVersion = 10.0.40219.1
Project("{FAE04EC0-301F-11D3-BF4B-00C04F79EFBC}") = "9. Palindrome Number", "9. Palindrome Number\9. Palindrome Number.csproj", "{D44D09F4-EE28-4460-A1EE-C8F2F738F465}"
EndProject
Global
	GlobalSection(SolutionConfigurationPlatforms) = preSolution
		Debug|Any CPU = Debug|Any CPU
		Release|Any CPU = Release|Any CPU
	EndGlobalSection
	GlobalSection(ProjectConfigurationPlatforms) = postSolution
		{D44D09F4-EE28-4460-A1EE-C8F2F738F465}.Debug|Any CPU.ActiveCfg = Debug|Any CPU
		{D44D09F4-EE28-4460-A1EE-C8F2F738F465}.Debug|Any CPU.Build.0 = Debug|Any CPU
		{D44D09F4-EE28-4460-A1EE-C8F2F738F465}.Release|Any CPU.ActiveCfg = Release|Any CPU
		{D44D09F4-EE28-4460-A1EE-C8F2F738F465}.Release|Any CPU.Build.0 = Release|Any CPU
	EndGlobalSection
	GlobalSection(SolutionProperties) = preSolution
		HideSolutionNode = FALSE
	EndGlobalSection
	GlobalSection(ExtensibilityGlobals) = postSolution
		SolutionGuid = {4015A8B0-5FA8-4028-AB82-263B2BB18D02}
	EndGlobalSection
EndGlobal
