
Microsoft Visual Studio Solution File, Format Version 12.00
# Visual Studio Version 17
VisualStudioVersion = 17.2.32602.215
MinimumVisualStudioVersion = 10.0.40219.1
Project("{FAE04EC0-301F-11D3-BF4B-00C04F79EFBC}") = "114. Flatten Binary Tree to Linked List", "114. Flatten Binary Tree to Linked List\114. Flatten Binary Tree to Linked List.csproj", "{7A5CC17B-8E14-418D-A318-C8FEEE2E3911}"
EndProject
Global
	GlobalSection(SolutionConfigurationPlatforms) = preSolution
		Debug|Any CPU = Debug|Any CPU
		Release|Any CPU = Release|Any CPU
	EndGlobalSection
	GlobalSection(ProjectConfigurationPlatforms) = postSolution
		{7A5CC17B-8E14-418D-A318-C8FEEE2E3911}.Debug|Any CPU.ActiveCfg = Debug|Any CPU
		{7A5CC17B-8E14-418D-A318-C8FEEE2E3911}.Debug|Any CPU.Build.0 = Debug|Any CPU
		{7A5CC17B-8E14-418D-A318-C8FEEE2E3911}.Release|Any CPU.ActiveCfg = Release|Any CPU
		{7A5CC17B-8E14-418D-A318-C8FEEE2E3911}.Release|Any CPU.Build.0 = Release|Any CPU
	EndGlobalSection
	GlobalSection(SolutionProperties) = preSolution
		HideSolutionNode = FALSE
	EndGlobalSection
	GlobalSection(ExtensibilityGlobals) = postSolution
		SolutionGuid = {372FC2D0-CE4B-4B16-A268-3E3F96ABBBAB}
	EndGlobalSection
EndGlobal
