
Microsoft Visual Studio Solution File, Format Version 12.00
# Visual Studio Version 17
VisualStudioVersion = 17.2.32602.215
MinimumVisualStudioVersion = 10.0.40219.1
Project("{FAE04EC0-301F-11D3-BF4B-00C04F79EFBC}") = "1. Two Sum", "1. Two Sum\1. Two Sum.csproj", "{FF819843-B377-48F7-A26A-57795C83DE33}"
EndProject
Global
	GlobalSection(SolutionConfigurationPlatforms) = preSolution
		Debug|Any CPU = Debug|Any CPU
		Release|Any CPU = Release|Any CPU
	EndGlobalSection
	GlobalSection(ProjectConfigurationPlatforms) = postSolution
		{FF819843-B377-48F7-A26A-57795C83DE33}.Debug|Any CPU.ActiveCfg = Debug|Any CPU
		{FF819843-B377-48F7-A26A-57795C83DE33}.Debug|Any CPU.Build.0 = Debug|Any CPU
		{FF819843-B377-48F7-A26A-57795C83DE33}.Release|Any CPU.ActiveCfg = Release|Any CPU
		{FF819843-B377-48F7-A26A-57795C83DE33}.Release|Any CPU.Build.0 = Release|Any CPU
	EndGlobalSection
	GlobalSection(SolutionProperties) = preSolution
		HideSolutionNode = FALSE
	EndGlobalSection
	GlobalSection(ExtensibilityGlobals) = postSolution
		SolutionGuid = {4EF69A89-B6DE-4DF7-8F9D-11F480379C54}
	EndGlobalSection
EndGlobal
