
Microsoft Visual Studio Solution File, Format Version 12.00
# Visual Studio Version 17
VisualStudioVersion = 17.2.32602.215
MinimumVisualStudioVersion = 10.0.40219.1
Project("{FAE04EC0-301F-11D3-BF4B-00C04F79EFBC}") = "20. Valid Parentheses", "20. Valid Parentheses\20. Valid Parentheses.csproj", "{20F15AA1-ABE3-4C2D-BD9A-F999E49AC05B}"
EndProject
Global
	GlobalSection(SolutionConfigurationPlatforms) = preSolution
		Debug|Any CPU = Debug|Any CPU
		Release|Any CPU = Release|Any CPU
	EndGlobalSection
	GlobalSection(ProjectConfigurationPlatforms) = postSolution
		{20F15AA1-ABE3-4C2D-BD9A-F999E49AC05B}.Debug|Any CPU.ActiveCfg = Debug|Any CPU
		{20F15AA1-ABE3-4C2D-BD9A-F999E49AC05B}.Debug|Any CPU.Build.0 = Debug|Any CPU
		{20F15AA1-ABE3-4C2D-BD9A-F999E49AC05B}.Release|Any CPU.ActiveCfg = Release|Any CPU
		{20F15AA1-ABE3-4C2D-BD9A-F999E49AC05B}.Release|Any CPU.Build.0 = Release|Any CPU
	EndGlobalSection
	GlobalSection(SolutionProperties) = preSolution
		HideSolutionNode = FALSE
	EndGlobalSection
	GlobalSection(ExtensibilityGlobals) = postSolution
		SolutionGuid = {51ED2A3C-F8B2-4BB5-872B-766CEB60C355}
	EndGlobalSection
EndGlobal
