
Microsoft Visual Studio Solution File, Format Version 12.00
# Visual Studio Version 17
VisualStudioVersion = 17.2.32602.215
MinimumVisualStudioVersion = 10.0.40219.1
Project("{FAE04EC0-301F-11D3-BF4B-00C04F79EFBC}") = "58. Length of Last Word", "58. Length of Last Word\58. Length of Last Word.csproj", "{90C605B7-DD10-45F7-B9A7-C1DCB0076F96}"
EndProject
Global
	GlobalSection(SolutionConfigurationPlatforms) = preSolution
		Debug|Any CPU = Debug|Any CPU
		Release|Any CPU = Release|Any CPU
	EndGlobalSection
	GlobalSection(ProjectConfigurationPlatforms) = postSolution
		{90C605B7-DD10-45F7-B9A7-C1DCB0076F96}.Debug|Any CPU.ActiveCfg = Debug|Any CPU
		{90C605B7-DD10-45F7-B9A7-C1DCB0076F96}.Debug|Any CPU.Build.0 = Debug|Any CPU
		{90C605B7-DD10-45F7-B9A7-C1DCB0076F96}.Release|Any CPU.ActiveCfg = Release|Any CPU
		{90C605B7-DD10-45F7-B9A7-C1DCB0076F96}.Release|Any CPU.Build.0 = Release|Any CPU
	EndGlobalSection
	GlobalSection(SolutionProperties) = preSolution
		HideSolutionNode = FALSE
	EndGlobalSection
	GlobalSection(ExtensibilityGlobals) = postSolution
		SolutionGuid = {60602063-7736-446A-873B-510442E82268}
	EndGlobalSection
EndGlobal
