
Microsoft Visual Studio Solution File, Format Version 12.00
# Visual Studio Version 17
VisualStudioVersion = 17.2.32602.215
MinimumVisualStudioVersion = 10.0.40219.1
Project("{FAE04EC0-301F-11D3-BF4B-00C04F79EFBC}") = "890. Find and Replace Pattern", "890. Find and Replace Pattern\890. Find and Replace Pattern.csproj", "{B0C45951-6F42-4901-B78E-631E2093B2B2}"
EndProject
Global
	GlobalSection(SolutionConfigurationPlatforms) = preSolution
		Debug|Any CPU = Debug|Any CPU
		Release|Any CPU = Release|Any CPU
	EndGlobalSection
	GlobalSection(ProjectConfigurationPlatforms) = postSolution
		{B0C45951-6F42-4901-B78E-631E2093B2B2}.Debug|Any CPU.ActiveCfg = Debug|Any CPU
		{B0C45951-6F42-4901-B78E-631E2093B2B2}.Debug|Any CPU.Build.0 = Debug|Any CPU
		{B0C45951-6F42-4901-B78E-631E2093B2B2}.Release|Any CPU.ActiveCfg = Release|Any CPU
		{B0C45951-6F42-4901-B78E-631E2093B2B2}.Release|Any CPU.Build.0 = Release|Any CPU
	EndGlobalSection
	GlobalSection(SolutionProperties) = preSolution
		HideSolutionNode = FALSE
	EndGlobalSection
	GlobalSection(ExtensibilityGlobals) = postSolution
		SolutionGuid = {D95C9AEC-5D86-4D1F-9FF2-0A584E947E16}
	EndGlobalSection
EndGlobal
